
Microsoft Visual Studio Solution File, Format Version 12.00
# Visual Studio Version 17
VisualStudioVersion = 17.2.32516.85
MinimumVisualStudioVersion = 10.0.40219.1
Project("{8BC9CEB8-8B4A-11D0-8D11-00A0C91BC942}") = "socServer", "socServer.vcxproj", "{243C7F69-6513-4373-B5B6-3AC757F80AAF}"
EndProject
Global
	GlobalSection(SolutionConfigurationPlatforms) = preSolution
		Debug|x64 = Debug|x64
		Debug|x86 = Debug|x86
		Release|x64 = Release|x64
		Release|x86 = Release|x86
	EndGlobalSection
	GlobalSection(ProjectConfigurationPlatforms) = postSolution
		{243C7F69-6513-4373-B5B6-3AC757F80AAF}.Debug|x64.ActiveCfg = Debug|x64
		{243C7F69-6513-4373-B5B6-3AC757F80AAF}.Debug|x64.Build.0 = Debug|x64
		{243C7F69-6513-4373-B5B6-3AC757F80AAF}.Debug|x86.ActiveCfg = Debug|Win32
		{243C7F69-6513-4373-B5B6-3AC757F80AAF}.Debug|x86.Build.0 = Debug|Win32
		{243C7F69-6513-4373-B5B6-3AC757F80AAF}.Release|x64.ActiveCfg = Release|x64
		{243C7F69-6513-4373-B5B6-3AC757F80AAF}.Release|x64.Build.0 = Release|x64
		{243C7F69-6513-4373-B5B6-3AC757F80AAF}.Release|x86.ActiveCfg = Release|Win32
		{243C7F69-6513-4373-B5B6-3AC757F80AAF}.Release|x86.Build.0 = Release|Win32
	EndGlobalSection
	GlobalSection(SolutionProperties) = preSolution
		HideSolutionNode = FALSE
	EndGlobalSection
	GlobalSection(ExtensibilityGlobals) = postSolution
		SolutionGuid = {018C1F8E-5EF2-4FE5-A8BD-81E05E702F19}
	EndGlobalSection
EndGlobal
